
Microsoft Visual Studio Solution File, Format Version 12.00
# Visual Studio Version 16
VisualStudioVersion = 16.0.32002.261
MinimumVisualStudioVersion = 10.0.40219.1
Project("{9A19103F-16F7-4668-BE54-9A1E7A4F7556}") = "Aasani.CRM.App", "Aasani.CRM.App\Aasani.CRM.App.csproj", "{6EDB0C6A-E8B1-4DBE-93AC-C92BFA453991}"
EndProject
Global
	GlobalSection(SolutionConfigurationPlatforms) = preSolution
		Debug|Any CPU = Debug|Any CPU
		Release|Any CPU = Release|Any CPU
	EndGlobalSection
	GlobalSection(ProjectConfigurationPlatforms) = postSolution
		{6EDB0C6A-E8B1-4DBE-93AC-C92BFA453991}.Debug|Any CPU.ActiveCfg = Debug|Any CPU
		{6EDB0C6A-E8B1-4DBE-93AC-C92BFA453991}.Debug|Any CPU.Build.0 = Debug|Any CPU
		{6EDB0C6A-E8B1-4DBE-93AC-C92BFA453991}.Release|Any CPU.ActiveCfg = Release|Any CPU
		{6EDB0C6A-E8B1-4DBE-93AC-C92BFA453991}.Release|Any CPU.Build.0 = Release|Any CPU
	EndGlobalSection
	GlobalSection(SolutionProperties) = preSolution
		HideSolutionNode = FALSE
	EndGlobalSection
	GlobalSection(ExtensibilityGlobals) = postSolution
		SolutionGuid = {6E755526-611B-410E-B470-03F7030E4344}
	EndGlobalSection
EndGlobal
